github.com/alex-shpak/hugo-book v0.15.0 h1:Z5g6k3+7r8Q4X9x2J6Fq1G5y5z5K1V9Y1L8F3J2H4E=
github.com/alex-shpak/hugo-book v0.15.0/go.mod h1:3N2fYXAJzb31L13moUOXmPo2DC58VvQYJkGr9VniXfQ=
github.com/alex-shpak/hugo-book v0.15.0-0.20260824213614-3da45a796295 h1:Z5g6k3+7r8Q4X9x2J6Fq1G5y5z5K1V9Y1L8F3J2H4E=
github.com/alex-shpak/hugo-book v0.15.0-0.20260824213614-3da45a796295/go.mod h1:3N2fYXAJzb31L13moUOXmPo2DC58VvQYJkGr9VniXfQ=
